
Microsoft Visual Studio Solution File, Format Version 12.00
# Visual Studio 15
VisualStudioVersion = 15.0.26401.1
MinimumVisualStudioVersion = 10.0.40219.1
Project("{FAE04EC0-301F-11D3-BF4B-00C04F79EFBC}") = "Example_0203", "Example_0203\Example_0203.csproj", "{DE09BC20-73A3-4CAC-8691-03E2E0509631}"
EndProject
Global
	GlobalSection(SolutionConfigurationPlatforms) = preSolution
		Debug|Any CPU = Debug|Any CPU
		Release|Any CPU = Release|Any CPU
	EndGlobalSection
	GlobalSection(ProjectConfigurationPlatforms) = postSolution
		{DE09BC20-73A3-4CAC-8691-03E2E0509631}.Debug|Any CPU.ActiveCfg = Debug|Any CPU
		{DE09BC20-73A3-4CAC-8691-03E2E0509631}.Debug|Any CPU.Build.0 = Debug|Any CPU
		{DE09BC20-73A3-4CAC-8691-03E2E0509631}.Release|Any CPU.ActiveCfg = Release|Any CPU
		{DE09BC20-73A3-4CAC-8691-03E2E0509631}.Release|Any CPU.Build.0 = Release|Any CPU
	EndGlobalSection
	GlobalSection(SolutionProperties) = preSolution
		HideSolutionNode = FALSE
	EndGlobalSection
EndGlobal
