
Microsoft Visual Studio Solution File, Format Version 12.00
# Visual Studio 15
VisualStudioVersion = 15.0.26401.1
MinimumVisualStudioVersion = 10.0.40219.1
Project("{FAE04EC0-301F-11D3-BF4B-00C04F79EFBC}") = "Example_0317", "Example_0317\Example_0317.csproj", "{C9083E00-E90D-4082-84C3-28A71046888B}"
EndProject
Global
	GlobalSection(SolutionConfigurationPlatforms) = preSolution
		Debug|Any CPU = Debug|Any CPU
		Release|Any CPU = Release|Any CPU
	EndGlobalSection
	GlobalSection(ProjectConfigurationPlatforms) = postSolution
		{C9083E00-E90D-4082-84C3-28A71046888B}.Debug|Any CPU.ActiveCfg = Debug|Any CPU
		{C9083E00-E90D-4082-84C3-28A71046888B}.Debug|Any CPU.Build.0 = Debug|Any CPU
		{C9083E00-E90D-4082-84C3-28A71046888B}.Release|Any CPU.ActiveCfg = Release|Any CPU
		{C9083E00-E90D-4082-84C3-28A71046888B}.Release|Any CPU.Build.0 = Release|Any CPU
	EndGlobalSection
	GlobalSection(SolutionProperties) = preSolution
		HideSolutionNode = FALSE
	EndGlobalSection
EndGlobal
