
Microsoft Visual Studio Solution File, Format Version 12.00
# Visual Studio 15
VisualStudioVersion = 15.0.26401.1
MinimumVisualStudioVersion = 10.0.40219.1
Project("{FAE04EC0-301F-11D3-BF4B-00C04F79EFBC}") = "Example_0216", "Example_0216\Example_0216.csproj", "{B97CBB9C-0F31-439A-8003-C35300F038C6}"
EndProject
Global
	GlobalSection(SolutionConfigurationPlatforms) = preSolution
		Debug|Any CPU = Debug|Any CPU
		Release|Any CPU = Release|Any CPU
	EndGlobalSection
	GlobalSection(ProjectConfigurationPlatforms) = postSolution
		{B97CBB9C-0F31-439A-8003-C35300F038C6}.Debug|Any CPU.ActiveCfg = Debug|Any CPU
		{B97CBB9C-0F31-439A-8003-C35300F038C6}.Debug|Any CPU.Build.0 = Debug|Any CPU
		{B97CBB9C-0F31-439A-8003-C35300F038C6}.Release|Any CPU.ActiveCfg = Release|Any CPU
		{B97CBB9C-0F31-439A-8003-C35300F038C6}.Release|Any CPU.Build.0 = Release|Any CPU
	EndGlobalSection
	GlobalSection(SolutionProperties) = preSolution
		HideSolutionNode = FALSE
	EndGlobalSection
EndGlobal
